
Microsoft Visual Studio Solution File, Format Version 12.00
# Visual Studio 15
VisualStudioVersion = 15.0.27428.2015
MinimumVisualStudioVersion = 10.0.40219.1
Project("{FAE04EC0-301F-11D3-BF4B-00C04F79EFBC}") = "IdentityServer", "src\IdentityServer\IdentityServer.csproj", "{329B49CC-19BF-469A-A38A-0C42700F8B1A}"
EndProject
Project("{FAE04EC0-301F-11D3-BF4B-00C04F79EFBC}") = "WebApiResource", "src\WebApiResource\WebApiResource.csproj", "{B61B54D5-ED38-426B-B33F-62EA47FDA569}"
EndProject
Project("{FAE04EC0-301F-11D3-BF4B-00C04F79EFBC}") = "MvcClient", "src\MvcClient\MvcClient.csproj", "{2BEBEEA8-4003-4869-9FA2-4FA8C4C1CE99}"
EndProject
Project("{FAE04EC0-301F-11D3-BF4B-00C04F79EFBC}") = "Shared", "src\Shared\Shared.csproj", "{2D512416-FA31-42A4-8001-EF1B94BAEC60}"
EndProject
Project("{FAE04EC0-301F-11D3-BF4B-00C04F79EFBC}") = "Webforms", "src\Webforms\Webforms.csproj", "{0490EF6B-EF2E-4AAF-A55B-D334C7713FE3}"
EndProject
Global
	GlobalSection(SolutionConfigurationPlatforms) = preSolution
		Debug|Any CPU = Debug|Any CPU
		Release|Any CPU = Release|Any CPU
	EndGlobalSection
	GlobalSection(ProjectConfigurationPlatforms) = postSolution
		{329B49CC-19BF-469A-A38A-0C42700F8B1A}.Debug|Any CPU.ActiveCfg = Debug|Any CPU
		{329B49CC-19BF-469A-A38A-0C42700F8B1A}.Debug|Any CPU.Build.0 = Debug|Any CPU
		{329B49CC-19BF-469A-A38A-0C42700F8B1A}.Release|Any CPU.ActiveCfg = Release|Any CPU
		{329B49CC-19BF-469A-A38A-0C42700F8B1A}.Release|Any CPU.Build.0 = Release|Any CPU
		{B61B54D5-ED38-426B-B33F-62EA47FDA569}.Debug|Any CPU.ActiveCfg = Debug|Any CPU
		{B61B54D5-ED38-426B-B33F-62EA47FDA569}.Debug|Any CPU.Build.0 = Debug|Any CPU
		{B61B54D5-ED38-426B-B33F-62EA47FDA569}.Release|Any CPU.ActiveCfg = Release|Any CPU
		{B61B54D5-ED38-426B-B33F-62EA47FDA569}.Release|Any CPU.Build.0 = Release|Any CPU
		{2BEBEEA8-4003-4869-9FA2-4FA8C4C1CE99}.Debug|Any CPU.ActiveCfg = Debug|Any CPU
		{2BEBEEA8-4003-4869-9FA2-4FA8C4C1CE99}.Debug|Any CPU.Build.0 = Debug|Any CPU
		{2BEBEEA8-4003-4869-9FA2-4FA8C4C1CE99}.Release|Any CPU.ActiveCfg = Release|Any CPU
		{2BEBEEA8-4003-4869-9FA2-4FA8C4C1CE99}.Release|Any CPU.Build.0 = Release|Any CPU
		{2D512416-FA31-42A4-8001-EF1B94BAEC60}.Debug|Any CPU.ActiveCfg = Debug|Any CPU
		{2D512416-FA31-42A4-8001-EF1B94BAEC60}.Debug|Any CPU.Build.0 = Debug|Any CPU
		{2D512416-FA31-42A4-8001-EF1B94BAEC60}.Release|Any CPU.ActiveCfg = Release|Any CPU
		{2D512416-FA31-42A4-8001-EF1B94BAEC60}.Release|Any CPU.Build.0 = Release|Any CPU
		{0490EF6B-EF2E-4AAF-A55B-D334C7713FE3}.Debug|Any CPU.ActiveCfg = Debug|Any CPU
		{0490EF6B-EF2E-4AAF-A55B-D334C7713FE3}.Debug|Any CPU.Build.0 = Debug|Any CPU
		{0490EF6B-EF2E-4AAF-A55B-D334C7713FE3}.Release|Any CPU.ActiveCfg = Release|Any CPU
		{0490EF6B-EF2E-4AAF-A55B-D334C7713FE3}.Release|Any CPU.Build.0 = Release|Any CPU
	EndGlobalSection
	GlobalSection(SolutionProperties) = preSolution
		HideSolutionNode = FALSE
	EndGlobalSection
	GlobalSection(ExtensibilityGlobals) = postSolution
		SolutionGuid = {A1C263AF-B484-4BF9-940D-54CFDBE46903}
	EndGlobalSection
EndGlobal
